
Microsoft Visual Studio Solution File, Format Version 12.00
# Visual Studio Version 17
VisualStudioVersion = 17.14.36408.4
MinimumVisualStudioVersion = 10.0.40219.1
Project("{2150E333-8FDC-42A3-9474-1A3956D46DE8}") = "Libraries", "Libraries", "{E4ACA93B-D3DE-4557-B069-F1DB42925A4B}"
EndProject
Project("{2150E333-8FDC-42A3-9474-1A3956D46DE8}") = "Presentation", "Presentation", "{B09156FB-8291-46A2-AF37-67CE97CFB5A6}"
EndProject
Project("{FAE04EC0-301F-11D3-BF4B-00C04F79EFBC}") = "App.Web", "Presentation\App.Web\App.Web.csproj", "{62F6698A-95AC-3A00-80B2-05DA08115289}"
EndProject
Project("{FAE04EC0-301F-11D3-BF4B-00C04F79EFBC}") = "App.Core", "Libraries\App.Core\App.Core.csproj", "{026F7A43-4BA4-4A22-8F8E-60A83BAB5170}"
EndProject
Project("{FAE04EC0-301F-11D3-BF4B-00C04F79EFBC}") = "App.Data", "Libraries\App.Data\App.Data.csproj", "{0D5CFB3B-2320-4B53-A648-E161102C3FF6}"
EndProject
Project("{FAE04EC0-301F-11D3-BF4B-00C04F79EFBC}") = "App.Services", "Libraries\App.Services\App.Services.csproj", "{36B33905-1D9A-4659-AEDB-1D1A77B971A6}"
EndProject
Global
	GlobalSection(SolutionConfigurationPlatforms) = preSolution
		Debug|Any CPU = Debug|Any CPU
		Release|Any CPU = Release|Any CPU
	EndGlobalSection
	GlobalSection(ProjectConfigurationPlatforms) = postSolution
		{62F6698A-95AC-3A00-80B2-05DA08115289}.Debug|Any CPU.ActiveCfg = Debug|Any CPU
		{62F6698A-95AC-3A00-80B2-05DA08115289}.Debug|Any CPU.Build.0 = Debug|Any CPU
		{62F6698A-95AC-3A00-80B2-05DA08115289}.Release|Any CPU.ActiveCfg = Release|Any CPU
		{62F6698A-95AC-3A00-80B2-05DA08115289}.Release|Any CPU.Build.0 = Release|Any CPU
		{026F7A43-4BA4-4A22-8F8E-60A83BAB5170}.Debug|Any CPU.ActiveCfg = Debug|Any CPU
		{026F7A43-4BA4-4A22-8F8E-60A83BAB5170}.Debug|Any CPU.Build.0 = Debug|Any CPU
		{026F7A43-4BA4-4A22-8F8E-60A83BAB5170}.Release|Any CPU.ActiveCfg = Release|Any CPU
		{026F7A43-4BA4-4A22-8F8E-60A83BAB5170}.Release|Any CPU.Build.0 = Release|Any CPU
		{0D5CFB3B-2320-4B53-A648-E161102C3FF6}.Debug|Any CPU.ActiveCfg = Debug|Any CPU
		{0D5CFB3B-2320-4B53-A648-E161102C3FF6}.Debug|Any CPU.Build.0 = Debug|Any CPU
		{0D5CFB3B-2320-4B53-A648-E161102C3FF6}.Release|Any CPU.ActiveCfg = Release|Any CPU
		{0D5CFB3B-2320-4B53-A648-E161102C3FF6}.Release|Any CPU.Build.0 = Release|Any CPU
		{36B33905-1D9A-4659-AEDB-1D1A77B971A6}.Debug|Any CPU.ActiveCfg = Debug|Any CPU
		{36B33905-1D9A-4659-AEDB-1D1A77B971A6}.Debug|Any CPU.Build.0 = Debug|Any CPU
		{36B33905-1D9A-4659-AEDB-1D1A77B971A6}.Release|Any CPU.ActiveCfg = Release|Any CPU
		{36B33905-1D9A-4659-AEDB-1D1A77B971A6}.Release|Any CPU.Build.0 = Release|Any CPU
	EndGlobalSection
	GlobalSection(SolutionProperties) = preSolution
		HideSolutionNode = FALSE
	EndGlobalSection
	GlobalSection(NestedProjects) = preSolution
		{62F6698A-95AC-3A00-80B2-05DA08115289} = {B09156FB-8291-46A2-AF37-67CE97CFB5A6}
		{026F7A43-4BA4-4A22-8F8E-60A83BAB5170} = {E4ACA93B-D3DE-4557-B069-F1DB42925A4B}
		{0D5CFB3B-2320-4B53-A648-E161102C3FF6} = {E4ACA93B-D3DE-4557-B069-F1DB42925A4B}
		{36B33905-1D9A-4659-AEDB-1D1A77B971A6} = {E4ACA93B-D3DE-4557-B069-F1DB42925A4B}
	EndGlobalSection
	GlobalSection(ExtensibilityGlobals) = postSolution
		SolutionGuid = {39762ED5-94A5-41BD-8802-1A14EAC916B1}
	EndGlobalSection
EndGlobal
